// !$*UTF8*$!
{
	archiveVersion = 1;
	classes = {
	};
	objectVersion = 51;
	objects = {

/* Begin PBXBuildFile section */
		18419AEED15A2C5C739E02CD /* Pods_SurveyTests.framework in Frameworks */ = {isa = PBXBuildFile; fileRef = CE743A5E2794B8807F01B3F1 /* Pods_SurveyTests.framework */; };
		1916F08024E2BF010024FF79 /* AppDelegate.swift in Sources */ = {isa = PBXBuildFile; fileRef = 1916F07F24E2BF010024FF79 /* AppDelegate.swift */; };
		1916F08724E2BF010024FF79 /* Main.storyboard in Resources */ = {isa = PBXBuildFile; fileRef = 1916F08524E2BF010024FF79 /* Main.storyboard */; };
		1916F08924E2BF010024FF79 /* Assets.xcassets in Resources */ = {isa = PBXBuildFile; fileRef = 1916F08824E2BF010024FF79 /* Assets.xcassets */; };
		1916F08C24E2BF010024FF79 /* LaunchScreen.storyboard in Resources */ = {isa = PBXBuildFile; fileRef = 1916F08A24E2BF010024FF79 /* LaunchScreen.storyboard */; };
		1916F0A224E2BF020024FF79 /* SurveyUITests.swift in Sources */ = {isa = PBXBuildFile; fileRef = 1916F0A124E2BF020024FF79 /* SurveyUITests.swift */; };
		1916F0B124E2C1B10024FF79 /* Coordinator.swift in Sources */ = {isa = PBXBuildFile; fileRef = 1916F0B024E2C1B10024FF79 /* Coordinator.swift */; };
		1916F0B324E2C1F90024FF79 /* AppCoordinator.swift in Sources */ = {isa = PBXBuildFile; fileRef = 1916F0B224E2C1F90024FF79 /* AppCoordinator.swift */; };
		1916F0BB24E2C4DC0024FF79 /* LandingViewController.swift in Sources */ = {isa = PBXBuildFile; fileRef = 1916F0B924E2C4DC0024FF79 /* LandingViewController.swift */; };
		1916F0BC24E2C4DC0024FF79 /* LandingViewController.xib in Resources */ = {isa = PBXBuildFile; fileRef = 1916F0BA24E2C4DC0024FF79 /* LandingViewController.xib */; };
		1916F0BF24E2D0400024FF79 /* UIViewAdditions.swift in Sources */ = {isa = PBXBuildFile; fileRef = 1916F0BE24E2D0400024FF79 /* UIViewAdditions.swift */; };
		1916F0C224E2D2B30024FF79 /* QuestionViewController.swift in Sources */ = {isa = PBXBuildFile; fileRef = 1916F0C024E2D2B30024FF79 /* QuestionViewController.swift */; };
		1916F0C324E2D2B30024FF79 /* QuestionViewController.xib in Resources */ = {isa = PBXBuildFile; fileRef = 1916F0C124E2D2B30024FF79 /* QuestionViewController.xib */; };
		1916F0C624E2E02C0024FF79 /* QuestionReactor.swift in Sources */ = {isa = PBXBuildFile; fileRef = 1916F0C524E2E02C0024FF79 /* QuestionReactor.swift */; };
		1916F0C924E2EEB00024FF79 /* QuestionsInteractor.swift in Sources */ = {isa = PBXBuildFile; fileRef = 1916F0C824E2EEB00024FF79 /* QuestionsInteractor.swift */; };
		1916F0CB24E2EF290024FF79 /* InteractorType.swift in Sources */ = {isa = PBXBuildFile; fileRef = 1916F0CA24E2EF290024FF79 /* InteractorType.swift */; };
		1916F0CE24E2EF5C0024FF79 /* Question.swift in Sources */ = {isa = PBXBuildFile; fileRef = 1916F0CD24E2EF5C0024FF79 /* Question.swift */; };
		1916F0D024E2F3AC0024FF79 /* QuestionDetails.swift in Sources */ = {isa = PBXBuildFile; fileRef = 1916F0CF24E2F3AC0024FF79 /* QuestionDetails.swift */; };
		1916F0D224E2F4190024FF79 /* Presentable.swift in Sources */ = {isa = PBXBuildFile; fileRef = 1916F0D124E2F4190024FF79 /* Presentable.swift */; };
		1916F0D424E2F4500024FF79 /* BusinessModel.swift in Sources */ = {isa = PBXBuildFile; fileRef = 1916F0D324E2F4500024FF79 /* BusinessModel.swift */; };
		1916F0DA24E3BDD50024FF79 /* ButtonType.swift in Sources */ = {isa = PBXBuildFile; fileRef = 1916F0D924E3BDD50024FF79 /* ButtonType.swift */; };
		1916F0DD24E3D51E0024FF79 /* QuestionsRepository.swift in Sources */ = {isa = PBXBuildFile; fileRef = 1916F0DC24E3D51E0024FF79 /* QuestionsRepository.swift */; };
		1916F0DF24E3D5CD0024FF79 /* RepositoryType.swift in Sources */ = {isa = PBXBuildFile; fileRef = 1916F0DE24E3D5CD0024FF79 /* RepositoryType.swift */; };
		1916F0E224E3D6460024FF79 /* HTTPClient.swift in Sources */ = {isa = PBXBuildFile; fileRef = 1916F0E124E3D6460024FF79 /* HTTPClient.swift */; };
		1916F0E624E3E03C0024FF79 /* QuestionTarget.swift in Sources */ = {isa = PBXBuildFile; fileRef = 1916F0E524E3E03C0024FF79 /* QuestionTarget.swift */; };
		1916F0E824E401F00024FF79 /* EntityType.swift in Sources */ = {isa = PBXBuildFile; fileRef = 1916F0E724E401F00024FF79 /* EntityType.swift */; };
		1916F0EA24E402440024FF79 /* QuestionsEntities.swift in Sources */ = {isa = PBXBuildFile; fileRef = 1916F0E924E402440024FF79 /* QuestionsEntities.swift */; };
		1916F0EE24E527F80024FF79 /* AnswerEntities.swift in Sources */ = {isa = PBXBuildFile; fileRef = 1916F0ED24E527F80024FF79 /* AnswerEntities.swift */; };
		1916F0F424E52F480024FF79 /* ResponseModifierPlugin.swift in Sources */ = {isa = PBXBuildFile; fileRef = 1916F0F324E52F480024FF79 /* ResponseModifierPlugin.swift */; };
		1916F0F624E56B7B0024FF79 /* Modifiable.swift in Sources */ = {isa = PBXBuildFile; fileRef = 1916F0F524E56B7B0024FF79 /* Modifiable.swift */; };
		1916F0F824E5A1E60024FF79 /* NotificationState.swift in Sources */ = {isa = PBXBuildFile; fileRef = 1916F0F724E5A1E60024FF79 /* NotificationState.swift */; };
		1916F0FA24E6B2EA0024FF79 /* StringAdditions.swift in Sources */ = {isa = PBXBuildFile; fileRef = 1916F0F924E6B2EA0024FF79 /* StringAdditions.swift */; };
		1916F0FC24E6BB7E0024FF79 /* QuestionInteractorTests.swift in Sources */ = {isa = PBXBuildFile; fileRef = 1916F0FB24E6BB7E0024FF79 /* QuestionInteractorTests.swift */; };
		1916F0FE24E6DB6F0024FF79 /* QuestionReactorTests.swift in Sources */ = {isa = PBXBuildFile; fileRef = 1916F0FD24E6DB6F0024FF79 /* QuestionReactorTests.swift */; };
		1916F10024E6EE1D0024FF79 /* QuestionViewControllerTests.swift in Sources */ = {isa = PBXBuildFile; fileRef = 1916F0FF24E6EE1D0024FF79 /* QuestionViewControllerTests.swift */; };
		C0B7A228FB980B06DCF0DD63 /* Pods_Survey.framework in Frameworks */ = {isa = PBXBuildFile; fileRef = 2B2DF609ED3366BFC7F3E754 /* Pods_Survey.framework */; };
		CE448228482A46D63BE6B269 /* Pods_Survey_SurveyUITests.framework in Frameworks */ = {isa = PBXBuildFile; fileRef = 7E3782FFD4DB23908C2A303D /* Pods_Survey_SurveyUITests.framework */; };
/* End PBXBuildFile section */

/* Begin PBXContainerItemProxy section */
		1916F09324E2BF020024FF79 /* PBXContainerItemProxy */ = {
			isa = PBXContainerItemProxy;
			containerPortal = 1916F07424E2BF010024FF79 /* Project object */;
			proxyType = 1;
			remoteGlobalIDString = 1916F07B24E2BF010024FF79;
			remoteInfo = Survey;
		};
		1916F09E24E2BF020024FF79 /* PBXContainerItemProxy */ = {
			isa = PBXContainerItemProxy;
			containerPortal = 1916F07424E2BF010024FF79 /* Project object */;
			proxyType = 1;
			remoteGlobalIDString = 1916F07B24E2BF010024FF79;
			remoteInfo = Survey;
		};
/* End PBXContainerItemProxy section */

/* Begin PBXFileReference section */
		16D41030D6B70FD503451677 /* Pods-Survey-SurveyUITests.release.xcconfig */ = {isa = PBXFileReference; includeInIndex = 1; lastKnownFileType = text.xcconfig; name = "Pods-Survey-SurveyUITests.release.xcconfig"; path = "Target Support Files/Pods-Survey-SurveyUITests/Pods-Survey-SurveyUITests.release.xcconfig"; sourceTree = "<group>"; };
		1916F07C24E2BF010024FF79 /* Survey.app */ = {isa = PBXFileReference; explicitFileType = wrapper.application; includeInIndex = 0; path = Survey.app; sourceTree = BUILT_PRODUCTS_DIR; };
		1916F07F24E2BF010024FF79 /* AppDelegate.swift */ = {isa = PBXFileReference; lastKnownFileType = sourcecode.swift; path = AppDelegate.swift; sourceTree = "<group>"; };
		1916F08624E2BF010024FF79 /* Base */ = {isa = PBXFileReference; lastKnownFileType = file.storyboard; name = Base; path = Base.lproj/Main.storyboard; sourceTree = "<group>"; };
		1916F08824E2BF010024FF79 /* Assets.xcassets */ = {isa = PBXFileReference; lastKnownFileType = folder.assetcatalog; path = Assets.xcassets; sourceTree = "<group>"; };
		1916F08B24E2BF010024FF79 /* Base */ = {isa = PBXFileReference; lastKnownFileType = file.storyboard; name = Base; path = Base.lproj/LaunchScreen.storyboard; sourceTree = "<group>"; };
		1916F08D24E2BF010024FF79 /* Info.plist */ = {isa = PBXFileReference; lastKnownFileType = text.plist.xml; path = Info.plist; sourceTree = "<group>"; };
		1916F09224E2BF020024FF79 /* SurveyTests.xctest */ = {isa = PBXFileReference; explicitFileType = wrapper.cfbundle; includeInIndex = 0; path = SurveyTests.xctest; sourceTree = BUILT_PRODUCTS_DIR; };
		1916F09824E2BF020024FF79 /* Info.plist */ = {isa = PBXFileReference; lastKnownFileType = text.plist.xml; path = Info.plist; sourceTree = "<group>"; };
		1916F09D24E2BF020024FF79 /* SurveyUITests.xctest */ = {isa = PBXFileReference; explicitFileType = wrapper.cfbundle; includeInIndex = 0; path = SurveyUITests.xctest; sourceTree = BUILT_PRODUCTS_DIR; };
		1916F0A124E2BF020024FF79 /* SurveyUITests.swift */ = {isa = PBXFileReference; lastKnownFileType = sourcecode.swift; path = SurveyUITests.swift; sourceTree = "<group>"; };
		1916F0A324E2BF020024FF79 /* Info.plist */ = {isa = PBXFileReference; lastKnownFileType = text.plist.xml; path = Info.plist; sourceTree = "<group>"; };
		1916F0B024E2C1B10024FF79 /* Coordinator.swift */ = {isa = PBXFileReference; lastKnownFileType = sourcecode.swift; path = Coordinator.swift; sourceTree = "<group>"; };
		1916F0B224E2C1F90024FF79 /* AppCoordinator.swift */ = {isa = PBXFileReference; lastKnownFileType = sourcecode.swift; path = AppCoordinator.swift; sourceTree = "<group>"; };
		1916F0B924E2C4DC0024FF79 /* LandingViewController.swift */ = {isa = PBXFileReference; lastKnownFileType = sourcecode.swift; path = LandingViewController.swift; sourceTree = "<group>"; };
		1916F0BA24E2C4DC0024FF79 /* LandingViewController.xib */ = {isa = PBXFileReference; lastKnownFileType = file.xib; path = LandingViewController.xib; sourceTree = "<group>"; };
		1916F0BE24E2D0400024FF79 /* UIViewAdditions.swift */ = {isa = PBXFileReference; lastKnownFileType = sourcecode.swift; path = UIViewAdditions.swift; sourceTree = "<group>"; };
		1916F0C024E2D2B30024FF79 /* QuestionViewController.swift */ = {isa = PBXFileReference; lastKnownFileType = sourcecode.swift; path = QuestionViewController.swift; sourceTree = "<group>"; };
		1916F0C124E2D2B30024FF79 /* QuestionViewController.xib */ = {isa = PBXFileReference; lastKnownFileType = file.xib; path = QuestionViewController.xib; sourceTree = "<group>"; };
		1916F0C524E2E02C0024FF79 /* QuestionReactor.swift */ = {isa = PBXFileReference; lastKnownFileType = sourcecode.swift; path = QuestionReactor.swift; sourceTree = "<group>"; };
		1916F0C824E2EEB00024FF79 /* QuestionsInteractor.swift */ = {isa = PBXFileReference; lastKnownFileType = sourcecode.swift; path = QuestionsInteractor.swift; sourceTree = "<group>"; };
		1916F0CA24E2EF290024FF79 /* InteractorType.swift */ = {isa = PBXFileReference; lastKnownFileType = sourcecode.swift; path = InteractorType.swift; sourceTree = "<group>"; };
		1916F0CD24E2EF5C0024FF79 /* Question.swift */ = {isa = PBXFileReference; lastKnownFileType = sourcecode.swift; path = Question.swift; sourceTree = "<group>"; };
		1916F0CF24E2F3AC0024FF79 /* QuestionDetails.swift */ = {isa = PBXFileReference; lastKnownFileType = sourcecode.swift; path = QuestionDetails.swift; sourceTree = "<group>"; };
		1916F0D124E2F4190024FF79 /* Presentable.swift */ = {isa = PBXFileReference; lastKnownFileType = sourcecode.swift; path = Presentable.swift; sourceTree = "<group>"; };
		1916F0D324E2F4500024FF79 /* BusinessModel.swift */ = {isa = PBXFileReference; lastKnownFileType = sourcecode.swift; path = BusinessModel.swift; sourceTree = "<group>"; };
		1916F0D924E3BDD50024FF79 /* ButtonType.swift */ = {isa = PBXFileReference; lastKnownFileType = sourcecode.swift; path = ButtonType.swift; sourceTree = "<group>"; };
		1916F0DC24E3D51E0024FF79 /* QuestionsRepository.swift */ = {isa = PBXFileReference; lastKnownFileType = sourcecode.swift; path = QuestionsRepository.swift; sourceTree = "<group>"; };
		1916F0DE24E3D5CD0024FF79 /* RepositoryType.swift */ = {isa = PBXFileReference; lastKnownFileType = sourcecode.swift; path = RepositoryType.swift; sourceTree = "<group>"; };
		1916F0E124E3D6460024FF79 /* HTTPClient.swift */ = {isa = PBXFileReference; lastKnownFileType = sourcecode.swift; path = HTTPClient.swift; sourceTree = "<group>"; };
		1916F0E524E3E03C0024FF79 /* QuestionTarget.swift */ = {isa = PBXFileReference; lastKnownFileType = sourcecode.swift; path = QuestionTarget.swift; sourceTree = "<group>"; };
		1916F0E724E401F00024FF79 /* EntityType.swift */ = {isa = PBXFileReference; lastKnownFileType = sourcecode.swift; path = EntityType.swift; sourceTree = "<group>"; };
		1916F0E924E402440024FF79 /* QuestionsEntities.swift */ = {isa = PBXFileReference; lastKnownFileType = sourcecode.swift; path = QuestionsEntities.swift; sourceTree = "<group>"; };
		1916F0ED24E527F80024FF79 /* AnswerEntities.swift */ = {isa = PBXFileReference; lastKnownFileType = sourcecode.swift; path = AnswerEntities.swift; sourceTree = "<group>"; };
		1916F0F324E52F480024FF79 /* ResponseModifierPlugin.swift */ = {isa = PBXFileReference; lastKnownFileType = sourcecode.swift; path = ResponseModifierPlugin.swift; sourceTree = "<group>"; };
		1916F0F524E56B7B0024FF79 /* Modifiable.swift */ = {isa = PBXFileReference; lastKnownFileType = sourcecode.swift; path = Modifiable.swift; sourceTree = "<group>"; };
		1916F0F724E5A1E60024FF79 /* NotificationState.swift */ = {isa = PBXFileReference; lastKnownFileType = sourcecode.swift; path = NotificationState.swift; sourceTree = "<group>"; };
		1916F0F924E6B2EA0024FF79 /* StringAdditions.swift */ = {isa = PBXFileReference; lastKnownFileType = sourcecode.swift; path = StringAdditions.swift; sourceTree = "<group>"; };
		1916F0FB24E6BB7E0024FF79 /* QuestionInteractorTests.swift */ = {isa = PBXFileReference; lastKnownFileType = sourcecode.swift; path = QuestionInteractorTests.swift; sourceTree = "<group>"; };
		1916F0FD24E6DB6F0024FF79 /* QuestionReactorTests.swift */ = {isa = PBXFileReference; lastKnownFileType = sourcecode.swift; path = QuestionReactorTests.swift; sourceTree = "<group>"; };
		1916F0FF24E6EE1D0024FF79 /* QuestionViewControllerTests.swift */ = {isa = PBXFileReference; lastKnownFileType = sourcecode.swift; path = QuestionViewControllerTests.swift; sourceTree = "<group>"; };
		2B2DF609ED3366BFC7F3E754 /* Pods_Survey.framework */ = {isa = PBXFileReference; explicitFileType = wrapper.framework; includeInIndex = 0; path = Pods_Survey.framework; sourceTree = BUILT_PRODUCTS_DIR; };
		77319F7CC60B77363C36276B /* Pods-Survey-SurveyUITests.debug.xcconfig */ = {isa = PBXFileReference; includeInIndex = 1; lastKnownFileType = text.xcconfig; name = "Pods-Survey-SurveyUITests.debug.xcconfig"; path = "Target Support Files/Pods-Survey-SurveyUITests/Pods-Survey-SurveyUITests.debug.xcconfig"; sourceTree = "<group>"; };
		7E3782FFD4DB23908C2A303D /* Pods_Survey_SurveyUITests.framework */ = {isa = PBXFileReference; explicitFileType = wrapper.framework; includeInIndex = 0; path = Pods_Survey_SurveyUITests.framework; sourceTree = BUILT_PRODUCTS_DIR; };
		93867C61FEAF4C3667A71A0F /* Pods-SurveyTests.release.xcconfig */ = {isa = PBXFileReference; includeInIndex = 1; lastKnownFileType = text.xcconfig; name = "Pods-SurveyTests.release.xcconfig"; path = "Target Support Files/Pods-SurveyTests/Pods-SurveyTests.release.xcconfig"; sourceTree = "<group>"; };
		A11758751371ABD27F62FB85 /* Pods-Survey.debug.xcconfig */ = {isa = PBXFileReference; includeInIndex = 1; lastKnownFileType = text.xcconfig; name = "Pods-Survey.debug.xcconfig"; path = "Target Support Files/Pods-Survey/Pods-Survey.debug.xcconfig"; sourceTree = "<group>"; };
		B882AFF1586C5408D1625F61 /* Pods-Survey.release.xcconfig */ = {isa = PBXFileReference; includeInIndex = 1; lastKnownFileType = text.xcconfig; name = "Pods-Survey.release.xcconfig"; path = "Target Support Files/Pods-Survey/Pods-Survey.release.xcconfig"; sourceTree = "<group>"; };
		CE743A5E2794B8807F01B3F1 /* Pods_SurveyTests.framework */ = {isa = PBXFileReference; explicitFileType = wrapper.framework; includeInIndex = 0; path = Pods_SurveyTests.framework; sourceTree = BUILT_PRODUCTS_DIR; };
		D91840DB00ED94528FB6919C /* Pods-SurveyTests.debug.xcconfig */ = {isa = PBXFileReference; includeInIndex = 1; lastKnownFileType = text.xcconfig; name = "Pods-SurveyTests.debug.xcconfig"; path = "Target Support Files/Pods-SurveyTests/Pods-SurveyTests.debug.xcconfig"; sourceTree = "<group>"; };
/* End PBXFileReference section */

/* Begin PBXFrameworksBuildPhase section */
		1916F07924E2BF010024FF79 /* Frameworks */ = {
			isa = PBXFrameworksBuildPhase;
			buildActionMask = 2147483647;
			files = (
				C0B7A228FB980B06DCF0DD63 /* Pods_Survey.framework in Frameworks */,
			);
			runOnlyForDeploymentPostprocessing = 0;
		};
		1916F08F24E2BF020024FF79 /* Frameworks */ = {
			isa = PBXFrameworksBuildPhase;
			buildActionMask = 2147483647;
			files = (
				18419AEED15A2C5C739E02CD /* Pods_SurveyTests.framework in Frameworks */,
			);
			runOnlyForDeploymentPostprocessing = 0;
		};
		1916F09A24E2BF020024FF79 /* Frameworks */ = {
			isa = PBXFrameworksBuildPhase;
			buildActionMask = 2147483647;
			files = (
				CE448228482A46D63BE6B269 /* Pods_Survey_SurveyUITests.framework in Frameworks */,
			);
			runOnlyForDeploymentPostprocessing = 0;
		};
/* End PBXFrameworksBuildPhase section */

/* Begin PBXGroup section */
		1916F07324E2BF010024FF79 = {
			isa = PBXGroup;
			children = (
				1916F07E24E2BF010024FF79 /* Survey */,
				1916F09524E2BF020024FF79 /* SurveyTests */,
				1916F0A024E2BF020024FF79 /* SurveyUITests */,
				1916F07D24E2BF010024FF79 /* Products */,
				F177456DF19B83DDB3E6EB4D /* Pods */,
				D6F24D677611C846E4BB2788 /* Frameworks */,
			);
			sourceTree = "<group>";
		};
		1916F07D24E2BF010024FF79 /* Products */ = {
			isa = PBXGroup;
			children = (
				1916F07C24E2BF010024FF79 /* Survey.app */,
				1916F09224E2BF020024FF79 /* SurveyTests.xctest */,
				1916F09D24E2BF020024FF79 /* SurveyUITests.xctest */,
			);
			name = Products;
			sourceTree = "<group>";
		};
		1916F07E24E2BF010024FF79 /* Survey */ = {
			isa = PBXGroup;
			children = (
				1916F0E024E3D6370024FF79 /* Network */,
				1916F0DB24E3D5010024FF79 /* Repository */,
				1916F0CC24E2EF4E0024FF79 /* Models */,
				1916F0C724E2EE9A0024FF79 /* Interactor */,
				1916F0AF24E2C1940024FF79 /* Coordinator */,
				1916F0BD24E2CED10024FF79 /* Extensions */,
				1916F0C424E2E00E0024FF79 /* Reactors */,
				1916F0B424E2C4200024FF79 /* Views */,
				1916F07F24E2BF010024FF79 /* AppDelegate.swift */,
				1916F08524E2BF010024FF79 /* Main.storyboard */,
				1916F08824E2BF010024FF79 /* Assets.xcassets */,
				1916F08A24E2BF010024FF79 /* LaunchScreen.storyboard */,
				1916F08D24E2BF010024FF79 /* Info.plist */,
			);
			path = Survey;
			sourceTree = "<group>";
		};
		1916F09524E2BF020024FF79 /* SurveyTests */ = {
			isa = PBXGroup;
			children = (
				1916F09824E2BF020024FF79 /* Info.plist */,
				1916F0FB24E6BB7E0024FF79 /* QuestionInteractorTests.swift */,
				1916F0FD24E6DB6F0024FF79 /* QuestionReactorTests.swift */,
				1916F0FF24E6EE1D0024FF79 /* QuestionViewControllerTests.swift */,
			);
			path = SurveyTests;
			sourceTree = "<group>";
		};
		1916F0A024E2BF020024FF79 /* SurveyUITests */ = {
			isa = PBXGroup;
			children = (
				1916F0A124E2BF020024FF79 /* SurveyUITests.swift */,
				1916F0A324E2BF020024FF79 /* Info.plist */,
			);
			path = SurveyUITests;
			sourceTree = "<group>";
		};
		1916F0AF24E2C1940024FF79 /* Coordinator */ = {
			isa = PBXGroup;
			children = (
				1916F0B024E2C1B10024FF79 /* Coordinator.swift */,
				1916F0B224E2C1F90024FF79 /* AppCoordinator.swift */,
			);
			path = Coordinator;
			sourceTree = "<group>";
		};
		1916F0B424E2C4200024FF79 /* Views */ = {
			isa = PBXGroup;
			children = (
				1916F0B924E2C4DC0024FF79 /* LandingViewController.swift */,
				1916F0BA24E2C4DC0024FF79 /* LandingViewController.xib */,
				1916F0C024E2D2B30024FF79 /* QuestionViewController.swift */,
				1916F0C124E2D2B30024FF79 /* QuestionViewController.xib */,
			);
			path = Views;
			sourceTree = "<group>";
		};
		1916F0BD24E2CED10024FF79 /* Extensions */ = {
			isa = PBXGroup;
			children = (
				1916F0BE24E2D0400024FF79 /* UIViewAdditions.swift */,
				1916F0D924E3BDD50024FF79 /* ButtonType.swift */,
				1916F0F724E5A1E60024FF79 /* NotificationState.swift */,
				1916F0F924E6B2EA0024FF79 /* StringAdditions.swift */,
			);
			path = Extensions;
			sourceTree = "<group>";
		};
		1916F0C424E2E00E0024FF79 /* Reactors */ = {
			isa = PBXGroup;
			children = (
				1916F0C524E2E02C0024FF79 /* QuestionReactor.swift */,
			);
			path = Reactors;
			sourceTree = "<group>";
		};
		1916F0C724E2EE9A0024FF79 /* Interactor */ = {
			isa = PBXGroup;
			children = (
				1916F0CA24E2EF290024FF79 /* InteractorType.swift */,
				1916F0C824E2EEB00024FF79 /* QuestionsInteractor.swift */,
			);
			path = Interactor;
			sourceTree = "<group>";
		};
		1916F0CC24E2EF4E0024FF79 /* Models */ = {
			isa = PBXGroup;
			children = (
				1916F0D624E2F4760024FF79 /* Business models */,
				1916F0D524E2F4660024FF79 /* Presentable models */,
			);
			path = Models;
			sourceTree = "<group>";
		};
		1916F0D524E2F4660024FF79 /* Presentable models */ = {
			isa = PBXGroup;
			children = (
				1916F0CF24E2F3AC0024FF79 /* QuestionDetails.swift */,
				1916F0D124E2F4190024FF79 /* Presentable.swift */,
			);
			path = "Presentable models";
			sourceTree = "<group>";
		};
		1916F0D624E2F4760024FF79 /* Business models */ = {
			isa = PBXGroup;
			children = (
				1916F0D324E2F4500024FF79 /* BusinessModel.swift */,
				1916F0CD24E2EF5C0024FF79 /* Question.swift */,
			);
			path = "Business models";
			sourceTree = "<group>";
		};
		1916F0DB24E3D5010024FF79 /* Repository */ = {
			isa = PBXGroup;
			children = (
				1916F0DC24E3D51E0024FF79 /* QuestionsRepository.swift */,
				1916F0DE24E3D5CD0024FF79 /* RepositoryType.swift */,
			);
			path = Repository;
			sourceTree = "<group>";
		};
		1916F0E024E3D6370024FF79 /* Network */ = {
			isa = PBXGroup;
			children = (
				1916F0E324E3D69F0024FF79 /* Entities */,
				1916F0E424E3DFFB0024FF79 /* Targets */,
				1916F0E124E3D6460024FF79 /* HTTPClient.swift */,
				1916F0F324E52F480024FF79 /* ResponseModifierPlugin.swift */,
				1916F0F524E56B7B0024FF79 /* Modifiable.swift */,
			);
			path = Network;
			sourceTree = "<group>";
		};
		1916F0E324E3D69F0024FF79 /* Entities */ = {
			isa = PBXGroup;
			children = (
				1916F0E724E401F00024FF79 /* EntityType.swift */,
				1916F0E924E402440024FF79 /* QuestionsEntities.swift */,
				1916F0ED24E527F80024FF79 /* AnswerEntities.swift */,
			);
			path = Entities;
			sourceTree = "<group>";
		};
		1916F0E424E3DFFB0024FF79 /* Targets */ = {
			isa = PBXGroup;
			children = (
				1916F0E524E3E03C0024FF79 /* QuestionTarget.swift */,
			);
			path = Targets;
			sourceTree = "<group>";
		};
		D6F24D677611C846E4BB2788 /* Frameworks */ = {
			isa = PBXGroup;
			children = (
				2B2DF609ED3366BFC7F3E754 /* Pods_Survey.framework */,
				7E3782FFD4DB23908C2A303D /* Pods_Survey_SurveyUITests.framework */,
				CE743A5E2794B8807F01B3F1 /* Pods_SurveyTests.framework */,
			);
			name = Frameworks;
			sourceTree = "<group>";
		};
		F177456DF19B83DDB3E6EB4D /* Pods */ = {
			isa = PBXGroup;
			children = (
				A11758751371ABD27F62FB85 /* Pods-Survey.debug.xcconfig */,
				B882AFF1586C5408D1625F61 /* Pods-Survey.release.xcconfig */,
				77319F7CC60B77363C36276B /* Pods-Survey-SurveyUITests.debug.xcconfig */,
				16D41030D6B70FD503451677 /* Pods-Survey-SurveyUITests.release.xcconfig */,
				D91840DB00ED94528FB6919C /* Pods-SurveyTests.debug.xcconfig */,
				93867C61FEAF4C3667A71A0F /* Pods-SurveyTests.release.xcconfig */,
			);
			path = Pods;
			sourceTree = "<group>";
		};
/* End PBXGroup section */

/* Begin PBXNativeTarget section */
		1916F07B24E2BF010024FF79 /* Survey */ = {
			isa = PBXNativeTarget;
			buildConfigurationList = 1916F0A624E2BF020024FF79 /* Build configuration list for PBXNativeTarget "Survey" */;
			buildPhases = (
				9AD8CC03CFA6EFEAB29D53E9 /* [CP] Check Pods Manifest.lock */,
				1916F07824E2BF010024FF79 /* Sources */,
				1916F07924E2BF010024FF79 /* Frameworks */,
				1916F07A24E2BF010024FF79 /* Resources */,
				96ABEB620C5C36A799F9E91B /* [CP] Embed Pods Frameworks */,
			);
			buildRules = (
			);
			dependencies = (
			);
			name = Survey;
			productName = Survey;
			productReference = 1916F07C24E2BF010024FF79 /* Survey.app */;
			productType = "com.apple.product-type.application";
		};
		1916F09124E2BF020024FF79 /* SurveyTests */ = {
			isa = PBXNativeTarget;
			buildConfigurationList = 1916F0A924E2BF020024FF79 /* Build configuration list for PBXNativeTarget "SurveyTests" */;
			buildPhases = (
				AE81A47626745E7EE3E91087 /* [CP] Check Pods Manifest.lock */,
				1916F08E24E2BF020024FF79 /* Sources */,
				1916F08F24E2BF020024FF79 /* Frameworks */,
				1916F09024E2BF020024FF79 /* Resources */,
				3A2AEC6BA91F64BF67F2A286 /* [CP] Embed Pods Frameworks */,
			);
			buildRules = (
			);
			dependencies = (
				1916F09424E2BF020024FF79 /* PBXTargetDependency */,
			);
			name = SurveyTests;
			productName = SurveyTests;
			productReference = 1916F09224E2BF020024FF79 /* SurveyTests.xctest */;
			productType = "com.apple.product-type.bundle.unit-test";
		};
		1916F09C24E2BF020024FF79 /* SurveyUITests */ = {
			isa = PBXNativeTarget;
			buildConfigurationList = 1916F0AC24E2BF020024FF79 /* Build configuration list for PBXNativeTarget "SurveyUITests" */;
			buildPhases = (
				9FE4A481878B570EC074115A /* [CP] Check Pods Manifest.lock */,
				1916F09924E2BF020024FF79 /* Sources */,
				1916F09A24E2BF020024FF79 /* Frameworks */,
				1916F09B24E2BF020024FF79 /* Resources */,
				2EB8CB1F75F82C04C64BABBC /* [CP] Embed Pods Frameworks */,
			);
			buildRules = (
			);
			dependencies = (
				1916F09F24E2BF020024FF79 /* PBXTargetDependency */,
			);
			name = SurveyUITests;
			productName = SurveyUITests;
			productReference = 1916F09D24E2BF020024FF79 /* SurveyUITests.xctest */;
			productType = "com.apple.product-type.bundle.ui-testing";
		};
/* End PBXNativeTarget section */

/* Begin PBXProject section */
		1916F07424E2BF010024FF79 /* Project object */ = {
			isa = PBXProject;
			attributes = {
				LastSwiftUpdateCheck = 1160;
				LastUpgradeCheck = 1160;
				ORGANIZATIONNAME = Survey;
				TargetAttributes = {
					1916F07B24E2BF010024FF79 = {
						CreatedOnToolsVersion = 11.6;
					};
					1916F09124E2BF020024FF79 = {
						CreatedOnToolsVersion = 11.6;
						TestTargetID = 1916F07B24E2BF010024FF79;
					};
					1916F09C24E2BF020024FF79 = {
						CreatedOnToolsVersion = 11.6;
						TestTargetID = 1916F07B24E2BF010024FF79;
					};
				};
			};
			buildConfigurationList = 1916F07724E2BF010024FF79 /* Build configuration list for PBXProject "Survey" */;
			compatibilityVersion = "Xcode 9.3";
			developmentRegion = en;
			hasScannedForEncodings = 0;
			knownRegions = (
				en,
				Base,
			);
			mainGroup = 1916F07324E2BF010024FF79;
			productRefGroup = 1916F07D24E2BF010024FF79 /* Products */;
			projectDirPath = "";
			projectRoot = "";
			targets = (
				1916F07B24E2BF010024FF79 /* Survey */,
				1916F09124E2BF020024FF79 /* SurveyTests */,
				1916F09C24E2BF020024FF79 /* SurveyUITests */,
			);
		};
/* End PBXProject section */

/* Begin PBXResourcesBuildPhase section */
		1916F07A24E2BF010024FF79 /* Resources */ = {
			isa = PBXResourcesBuildPhase;
			buildActionMask = 2147483647;
			files = (
				1916F08C24E2BF010024FF79 /* LaunchScreen.storyboard in Resources */,
				1916F08924E2BF010024FF79 /* Assets.xcassets in Resources */,
				1916F0BC24E2C4DC0024FF79 /* LandingViewController.xib in Resources */,
				1916F08724E2BF010024FF79 /* Main.storyboard in Resources */,
				1916F0C324E2D2B30024FF79 /* QuestionViewController.xib in Resources */,
			);
			runOnlyForDeploymentPostprocessing = 0;
		};
		1916F09024E2BF020024FF79 /* Resources */ = {
			isa = PBXResourcesBuildPhase;
			buildActionMask = 2147483647;
			files = (
			);
			runOnlyForDeploymentPostprocessing = 0;
		};
		1916F09B24E2BF020024FF79 /* Resources */ = {
			isa = PBXResourcesBuildPhase;
			buildActionMask = 2147483647;
			files = (
			);
			runOnlyForDeploymentPostprocessing = 0;
		};
/* End PBXResourcesBuildPhase section */

/* Begin PBXShellScriptBuildPhase section */
		2EB8CB1F75F82C04C64BABBC /* [CP] Embed Pods Frameworks */ = {
			isa = PBXShellScriptBuildPhase;
			buildActionMask = 2147483647;
			files = (
			);
			inputFileListPaths = (
				"${PODS_ROOT}/Target Support Files/Pods-Survey-SurveyUITests/Pods-Survey-SurveyUITests-frameworks-${CONFIGURATION}-input-files.xcfilelist",
			);
			name = "[CP] Embed Pods Frameworks";
			outputFileListPaths = (
				"${PODS_ROOT}/Target Support Files/Pods-Survey-SurveyUITests/Pods-Survey-SurveyUITests-frameworks-${CONFIGURATION}-output-files.xcfilelist",
			);
			runOnlyForDeploymentPostprocessing = 0;
			shellPath = /bin/sh;
			shellScript = "\"${PODS_ROOT}/Target Support Files/Pods-Survey-SurveyUITests/Pods-Survey-SurveyUITests-frameworks.sh\"\n";
			showEnvVarsInLog = 0;
		};
		3A2AEC6BA91F64BF67F2A286 /* [CP] Embed Pods Frameworks */ = {
			isa = PBXShellScriptBuildPhase;
			buildActionMask = 2147483647;
			files = (
			);
			inputFileListPaths = (
				"${PODS_ROOT}/Target Support Files/Pods-SurveyTests/Pods-SurveyTests-frameworks-${CONFIGURATION}-input-files.xcfilelist",
			);
			name = "[CP] Embed Pods Frameworks";
			outputFileListPaths = (
				"${PODS_ROOT}/Target Support Files/Pods-SurveyTests/Pods-SurveyTests-frameworks-${CONFIGURATION}-output-files.xcfilelist",
			);
			runOnlyForDeploymentPostprocessing = 0;
			shellPath = /bin/sh;
			shellScript = "\"${PODS_ROOT}/Target Support Files/Pods-SurveyTests/Pods-SurveyTests-frameworks.sh\"\n";
			showEnvVarsInLog = 0;
		};
		96ABEB620C5C36A799F9E91B /* [CP] Embed Pods Frameworks */ = {
			isa = PBXShellScriptBuildPhase;
			buildActionMask = 2147483647;
			files = (
			);
			inputFileListPaths = (
				"${PODS_ROOT}/Target Support Files/Pods-Survey/Pods-Survey-frameworks-${CONFIGURATION}-input-files.xcfilelist",
			);
			name = "[CP] Embed Pods Frameworks";
			outputFileListPaths = (
				"${PODS_ROOT}/Target Support Files/Pods-Survey/Pods-Survey-frameworks-${CONFIGURATION}-output-files.xcfilelist",
			);
			runOnlyForDeploymentPostprocessing = 0;
			shellPath = /bin/sh;
			shellScript = "\"${PODS_ROOT}/Target Support Files/Pods-Survey/Pods-Survey-frameworks.sh\"\n";
			showEnvVarsInLog = 0;
		};
		9AD8CC03CFA6EFEAB29D53E9 /* [CP] Check Pods Manifest.lock */ = {
			isa = PBXShellScriptBuildPhase;
			buildActionMask = 2147483647;
			files = (
			);
			inputFileListPaths = (
			);
			inputPaths = (
				"${PODS_PODFILE_DIR_PATH}/Podfile.lock",
				"${PODS_ROOT}/Manifest.lock",
			);
			name = "[CP] Check Pods Manifest.lock";
			outputFileListPaths = (
			);
			outputPaths = (
				"$(DERIVED_FILE_DIR)/Pods-Survey-checkManifestLockResult.txt",
			);
			runOnlyForDeploymentPostprocessing = 0;
			shellPath = /bin/sh;
			shellScript = "diff \"${PODS_PODFILE_DIR_PATH}/Podfile.lock\" \"${PODS_ROOT}/Manifest.lock\" > /dev/null\nif [ $? != 0 ] ; then\n    # print error to STDERR\n    echo \"error: The sandbox is not in sync with the Podfile.lock. Run 'pod install' or update your CocoaPods installation.\" >&2\n    exit 1\nfi\n# This output is used by Xcode 'outputs' to avoid re-running this script phase.\necho \"SUCCESS\" > \"${SCRIPT_OUTPUT_FILE_0}\"\n";
			showEnvVarsInLog = 0;
		};
		9FE4A481878B570EC074115A /* [CP] Check Pods Manifest.lock */ = {
			isa = PBXShellScriptBuildPhase;
			buildActionMask = 2147483647;
			files = (
			);
			inputFileListPaths = (
			);
			inputPaths = (
				"${PODS_PODFILE_DIR_PATH}/Podfile.lock",
				"${PODS_ROOT}/Manifest.lock",
			);
			name = "[CP] Check Pods Manifest.lock";
			outputFileListPaths = (
			);
			outputPaths = (
				"$(DERIVED_FILE_DIR)/Pods-Survey-SurveyUITests-checkManifestLockResult.txt",
			);
			runOnlyForDeploymentPostprocessing = 0;
			shellPath = /bin/sh;
			shellScript = "diff \"${PODS_PODFILE_DIR_PATH}/Podfile.lock\" \"${PODS_ROOT}/Manifest.lock\" > /dev/null\nif [ $? != 0 ] ; then\n    # print error to STDERR\n    echo \"error: The sandbox is not in sync with the Podfile.lock. Run 'pod install' or update your CocoaPods installation.\" >&2\n    exit 1\nfi\n# This output is used by Xcode 'outputs' to avoid re-running this script phase.\necho \"SUCCESS\" > \"${SCRIPT_OUTPUT_FILE_0}\"\n";
			showEnvVarsInLog = 0;
		};
		AE81A47626745E7EE3E91087 /* [CP] Check Pods Manifest.lock */ = {
			isa = PBXShellScriptBuildPhase;
			buildActionMask = 2147483647;
			files = (
			);
			inputFileListPaths = (
			);
			inputPaths = (
				"${PODS_PODFILE_DIR_PATH}/Podfile.lock",
				"${PODS_ROOT}/Manifest.lock",
			);
			name = "[CP] Check Pods Manifest.lock";
			outputFileListPaths = (
			);
			outputPaths = (
				"$(DERIVED_FILE_DIR)/Pods-SurveyTests-checkManifestLockResult.txt",
			);
			runOnlyForDeploymentPostprocessing = 0;
			shellPath = /bin/sh;
			shellScript = "diff \"${PODS_PODFILE_DIR_PATH}/Podfile.lock\" \"${PODS_ROOT}/Manifest.lock\" > /dev/null\nif [ $? != 0 ] ; then\n    # print error to STDERR\n    echo \"error: The sandbox is not in sync with the Podfile.lock. Run 'pod install' or update your CocoaPods installation.\" >&2\n    exit 1\nfi\n# This output is used by Xcode 'outputs' to avoid re-running this script phase.\necho \"SUCCESS\" > \"${SCRIPT_OUTPUT_FILE_0}\"\n";
			showEnvVarsInLog = 0;
		};
/* End PBXShellScriptBuildPhase section */

/* Begin PBXSourcesBuildPhase section */
		1916F07824E2BF010024FF79 /* Sources */ = {
			isa = PBXSourcesBuildPhase;
			buildActionMask = 2147483647;
			files = (
				1916F0B124E2C1B10024FF79 /* Coordinator.swift in Sources */,
				1916F0DF24E3D5CD0024FF79 /* RepositoryType.swift in Sources */,
				1916F0E224E3D6460024FF79 /* HTTPClient.swift in Sources */,
				1916F0D024E2F3AC0024FF79 /* QuestionDetails.swift in Sources */,
				1916F0D424E2F4500024FF79 /* BusinessModel.swift in Sources */,
				1916F0B324E2C1F90024FF79 /* AppCoordinator.swift in Sources */,
				1916F0FA24E6B2EA0024FF79 /* StringAdditions.swift in Sources */,
				1916F0C924E2EEB00024FF79 /* QuestionsInteractor.swift in Sources */,
				1916F0DD24E3D51E0024FF79 /* QuestionsRepository.swift in Sources */,
				1916F0C224E2D2B30024FF79 /* QuestionViewController.swift in Sources */,
				1916F0D224E2F4190024FF79 /* Presentable.swift in Sources */,
				1916F0F824E5A1E60024FF79 /* NotificationState.swift in Sources */,
				1916F0F624E56B7B0024FF79 /* Modifiable.swift in Sources */,
				1916F0EA24E402440024FF79 /* QuestionsEntities.swift in Sources */,
				1916F0BB24E2C4DC0024FF79 /* LandingViewController.swift in Sources */,
				1916F0CE24E2EF5C0024FF79 /* Question.swift in Sources */,
				1916F0EE24E527F80024FF79 /* AnswerEntities.swift in Sources */,
				1916F0F424E52F480024FF79 /* ResponseModifierPlugin.swift in Sources */,
				1916F08024E2BF010024FF79 /* AppDelegate.swift in Sources */,
				1916F0DA24E3BDD50024FF79 /* ButtonType.swift in Sources */,
				1916F0E624E3E03C0024FF79 /* QuestionTarget.swift in Sources */,
				1916F0CB24E2EF290024FF79 /* InteractorType.swift in Sources */,
				1916F0C624E2E02C0024FF79 /* QuestionReactor.swift in Sources */,
				1916F0E824E401F00024FF79 /* EntityType.swift in Sources */,
				1916F0BF24E2D0400024FF79 /* UIViewAdditions.swift in Sources */,
			);
			runOnlyForDeploymentPostprocessing = 0;
		};
		1916F08E24E2BF020024FF79 /* Sources */ = {
			isa = PBXSourcesBuildPhase;
			buildActionMask = 2147483647;
			files = (
				1916F10024E6EE1D0024FF79 /* QuestionViewControllerTests.swift in Sources */,
				1916F0FE24E6DB6F0024FF79 /* QuestionReactorTests.swift in Sources */,
				1916F0FC24E6BB7E0024FF79 /* QuestionInteractorTests.swift in Sources */,
			);
			runOnlyForDeploymentPostprocessing = 0;
		};
		1916F09924E2BF020024FF79 /* Sources */ = {
			isa = PBXSourcesBuildPhase;
			buildActionMask = 2147483647;
			files = (
				1916F0A224E2BF020024FF79 /* SurveyUITests.swift in Sources */,
			);
			runOnlyForDeploymentPostprocessing = 0;
		};
/* End PBXSourcesBuildPhase section */

/* Begin PBXTargetDependency section */
		1916F09424E2BF020024FF79 /* PBXTargetDependency */ = {
			isa = PBXTargetDependency;
			target = 1916F07B24E2BF010024FF79 /* Survey */;
			targetProxy = 1916F09324E2BF020024FF79 /* PBXContainerItemProxy */;
		};
		1916F09F24E2BF020024FF79 /* PBXTargetDependency */ = {
			isa = PBXTargetDependency;
			target = 1916F07B24E2BF010024FF79 /* Survey */;
			targetProxy = 1916F09E24E2BF020024FF79 /* PBXContainerItemProxy */;
		};
/* End PBXTargetDependency section */

/* Begin PBXVariantGroup section */
		1916F08524E2BF010024FF79 /* Main.storyboard */ = {
			isa = PBXVariantGroup;
			children = (
				1916F08624E2BF010024FF79 /* Base */,
			);
			name = Main.storyboard;
			sourceTree = "<group>";
		};
		1916F08A24E2BF010024FF79 /* LaunchScreen.storyboard */ = {
			isa = PBXVariantGroup;
			children = (
				1916F08B24E2BF010024FF79 /* Base */,
			);
			name = LaunchScreen.storyboard;
			sourceTree = "<group>";
		};
/* End PBXVariantGroup section */

/* Begin XCBuildConfiguration section */
		1916F0A424E2BF020024FF79 /* Debug */ = {
			isa = XCBuildConfiguration;
			buildSettings = {
				ALWAYS_SEARCH_USER_PATHS = NO;
				CLANG_ANALYZER_NONNULL = YES;
				CLANG_ANALYZER_NUMBER_OBJECT_CONVERSION = YES_AGGRESSIVE;
				CLANG_CXX_LANGUAGE_STANDARD = "gnu++14";
				CLANG_CXX_LIBRARY = "libc++";
				CLANG_ENABLE_MODULES = YES;
				CLANG_ENABLE_OBJC_ARC = YES;
				CLANG_ENABLE_OBJC_WEAK = YES;
				CLANG_WARN_BLOCK_CAPTURE_AUTORELEASING = YES;
				CLANG_WARN_BOOL_CONVERSION = YES;
				CLANG_WARN_COMMA = YES;
				CLANG_WARN_CONSTANT_CONVERSION = YES;
				CLANG_WARN_DEPRECATED_OBJC_IMPLEMENTATIONS = YES;
				CLANG_WARN_DIRECT_OBJC_ISA_USAGE = YES_ERROR;
				CLANG_WARN_DOCUMENTATION_COMMENTS = YES;
				CLANG_WARN_EMPTY_BODY = YES;
				CLANG_WARN_ENUM_CONVERSION = YES;
				CLANG_WARN_INFINITE_RECURSION = YES;
				CLANG_WARN_INT_CONVERSION = YES;
				CLANG_WARN_NON_LITERAL_NULL_CONVERSION = YES;
				CLANG_WARN_OBJC_IMPLICIT_RETAIN_SELF = YES;
				CLANG_WARN_OBJC_LITERAL_CONVERSION = YES;
				CLANG_WARN_OBJC_ROOT_CLASS = YES_ERROR;
				CLANG_WARN_RANGE_LOOP_ANALYSIS = YES;
				CLANG_WARN_STRICT_PROTOTYPES = YES;
				CLANG_WARN_SUSPICIOUS_MOVE = YES;
				CLANG_WARN_UNGUARDED_AVAILABILITY = YES_AGGRESSIVE;
				CLANG_WARN_UNREACHABLE_CODE = YES;
				CLANG_WARN__DUPLICATE_METHOD_MATCH = YES;
				COPY_PHASE_STRIP = NO;
				DEBUG_INFORMATION_FORMAT = dwarf;
				ENABLE_STRICT_OBJC_MSGSEND = YES;
				ENABLE_TESTABILITY = YES;
				GCC_C_LANGUAGE_STANDARD = gnu11;
				GCC_DYNAMIC_NO_PIC = NO;
				GCC_NO_COMMON_BLOCKS = YES;
				GCC_OPTIMIZATION_LEVEL = 0;
				GCC_PREPROCESSOR_DEFINITIONS = (
					"DEBUG=1",
					"$(inherited)",
				);
				GCC_WARN_64_TO_32_BIT_CONVERSION = YES;
				GCC_WARN_ABOUT_RETURN_TYPE = YES_ERROR;
				GCC_WARN_UNDECLARED_SELECTOR = YES;
				GCC_WARN_UNINITIALIZED_AUTOS = YES_AGGRESSIVE;
				GCC_WARN_UNUSED_FUNCTION = YES;
				GCC_WARN_UNUSED_VARIABLE = YES;
				IPHONEOS_DEPLOYMENT_TARGET = 13.6;
				MTL_ENABLE_DEBUG_INFO = INCLUDE_SOURCE;
				MTL_FAST_MATH = YES;
				ONLY_ACTIVE_ARCH = YES;
				SDKROOT = iphoneos;
				SWIFT_ACTIVE_COMPILATION_CONDITIONS = DEBUG;
				SWIFT_OPTIMIZATION_LEVEL = "-Onone";
			};
			name = Debug;
		};
		1916F0A524E2BF020024FF79 /* Release */ = {
			isa = XCBuildConfiguration;
			buildSettings = {
				ALWAYS_SEARCH_USER_PATHS = NO;
				CLANG_ANALYZER_NONNULL = YES;
				CLANG_ANALYZER_NUMBER_OBJECT_CONVERSION = YES_AGGRESSIVE;
				CLANG_CXX_LANGUAGE_STANDARD = "gnu++14";
				CLANG_CXX_LIBRARY = "libc++";
				CLANG_ENABLE_MODULES = YES;
				CLANG_ENABLE_OBJC_ARC = YES;
				CLANG_ENABLE_OBJC_WEAK = YES;
				CLANG_WARN_BLOCK_CAPTURE_AUTORELEASING = YES;
				CLANG_WARN_BOOL_CONVERSION = YES;
				CLANG_WARN_COMMA = YES;
				CLANG_WARN_CONSTANT_CONVERSION = YES;
				CLANG_WARN_DEPRECATED_OBJC_IMPLEMENTATIONS = YES;
				CLANG_WARN_DIRECT_OBJC_ISA_USAGE = YES_ERROR;
				CLANG_WARN_DOCUMENTATION_COMMENTS = YES;
				CLANG_WARN_EMPTY_BODY = YES;
				CLANG_WARN_ENUM_CONVERSION = YES;
				CLANG_WARN_INFINITE_RECURSION = YES;
				CLANG_WARN_INT_CONVERSION = YES;
				CLANG_WARN_NON_LITERAL_NULL_CONVERSION = YES;
				CLANG_WARN_OBJC_IMPLICIT_RETAIN_SELF = YES;
				CLANG_WARN_OBJC_LITERAL_CONVERSION = YES;
				CLANG_WARN_OBJC_ROOT_CLASS = YES_ERROR;
				CLANG_WARN_RANGE_LOOP_ANALYSIS = YES;
				CLANG_WARN_STRICT_PROTOTYPES = YES;
				CLANG_WARN_SUSPICIOUS_MOVE = YES;
				CLANG_WARN_UNGUARDED_AVAILABILITY = YES_AGGRESSIVE;
				CLANG_WARN_UNREACHABLE_CODE = YES;
				CLANG_WARN__DUPLICATE_METHOD_MATCH = YES;
				COPY_PHASE_STRIP = NO;
				DEBUG_INFORMATION_FORMAT = "dwarf-with-dsym";
				ENABLE_NS_ASSERTIONS = NO;
				ENABLE_STRICT_OBJC_MSGSEND = YES;
				GCC_C_LANGUAGE_STANDARD = gnu11;
				GCC_NO_COMMON_BLOCKS = YES;
				GCC_WARN_64_TO_32_BIT_CONVERSION = YES;
				GCC_WARN_ABOUT_RETURN_TYPE = YES_ERROR;
				GCC_WARN_UNDECLARED_SELECTOR = YES;
				GCC_WARN_UNINITIALIZED_AUTOS = YES_AGGRESSIVE;
				GCC_WARN_UNUSED_FUNCTION = YES;
				GCC_WARN_UNUSED_VARIABLE = YES;
				IPHONEOS_DEPLOYMENT_TARGET = 13.6;
				MTL_ENABLE_DEBUG_INFO = NO;
				MTL_FAST_MATH = YES;
				SDKROOT = iphoneos;
				SWIFT_COMPILATION_MODE = wholemodule;
				SWIFT_OPTIMIZATION_LEVEL = "-O";
				VALIDATE_PRODUCT = YES;
			};
			name = Release;
		};
		1916F0A724E2BF020024FF79 /* Debug */ = {
			isa = XCBuildConfiguration;
			baseConfigurationReference = A11758751371ABD27F62FB85 /* Pods-Survey.debug.xcconfig */;
			buildSettings = {
				ASSETCATALOG_COMPILER_APPICON_NAME = AppIcon;
				CODE_SIGN_STYLE = Automatic;
				DEVELOPMENT_TEAM = S263646426;
				INFOPLIST_FILE = Survey/Info.plist;
				LD_RUNPATH_SEARCH_PATHS = (
					"$(inherited)",
					"@executable_path/Frameworks",
				);
				PRODUCT_BUNDLE_IDENTIFIER = com.survey.Survey.Survey;
				PRODUCT_NAME = "$(TARGET_NAME)";
				SWIFT_VERSION = 5.0;
				TARGETED_DEVICE_FAMILY = "1,2";
			};
			name = Debug;
		};
		1916F0A824E2BF020024FF79 /* Release */ = {
			isa = XCBuildConfiguration;
			baseConfigurationReference = B882AFF1586C5408D1625F61 /* Pods-Survey.release.xcconfig */;
			buildSettings = {
				ASSETCATALOG_COMPILER_APPICON_NAME = AppIcon;
				CODE_SIGN_STYLE = Automatic;
				DEVELOPMENT_TEAM = S263646426;
				INFOPLIST_FILE = Survey/Info.plist;
				LD_RUNPATH_SEARCH_PATHS = (
					"$(inherited)",
					"@executable_path/Frameworks",
				);
				PRODUCT_BUNDLE_IDENTIFIER = com.survey.Survey.Survey;
				PRODUCT_NAME = "$(TARGET_NAME)";
				SWIFT_VERSION = 5.0;
				TARGETED_DEVICE_FAMILY = "1,2";
			};
			name = Release;
		};
		1916F0AA24E2BF020024FF79 /* Debug */ = {
			isa = XCBuildConfiguration;
			baseConfigurationReference = D91840DB00ED94528FB6919C /* Pods-SurveyTests.debug.xcconfig */;
			buildSettings = {
				ALWAYS_EMBED_SWIFT_STANDARD_LIBRARIES = YES;
				BUNDLE_LOADER = "$(TEST_HOST)";
				CODE_SIGN_STYLE = Automatic;
				DEVELOPMENT_TEAM = S263646426;
				INFOPLIST_FILE = SurveyTests/Info.plist;
				IPHONEOS_DEPLOYMENT_TARGET = 13.6;
				LD_RUNPATH_SEARCH_PATHS = (
					"$(inherited)",
					"@executable_path/Frameworks",
					"@loader_path/Frameworks",
				);
				PRODUCT_BUNDLE_IDENTIFIER = com.survey.Survey.SurveyTests;
				PRODUCT_NAME = "$(TARGET_NAME)";
				SWIFT_VERSION = 5.0;
				TARGETED_DEVICE_FAMILY = "1,2";
				TEST_HOST = "$(BUILT_PRODUCTS_DIR)/Survey.app/Survey";
			};
			name = Debug;
		};
		1916F0AB24E2BF020024FF79 /* Release */ = {
			isa = XCBuildConfiguration;
			baseConfigurationReference = 93867C61FEAF4C3667A71A0F /* Pods-SurveyTests.release.xcconfig */;
			buildSettings = {
				ALWAYS_EMBED_SWIFT_STANDARD_LIBRARIES = YES;
				BUNDLE_LOADER = "$(TEST_HOST)";
				CODE_SIGN_STYLE = Automatic;
				DEVELOPMENT_TEAM = S263646426;
				INFOPLIST_FILE = SurveyTests/Info.plist;
				IPHONEOS_DEPLOYMENT_TARGET = 13.6;
				LD_RUNPATH_SEARCH_PATHS = (
					"$(inherited)",
					"@executable_path/Frameworks",
					"@loader_path/Frameworks",
				);
				PRODUCT_BUNDLE_IDENTIFIER = com.survey.Survey.SurveyTests;
				PRODUCT_NAME = "$(TARGET_NAME)";
				SWIFT_VERSION = 5.0;
				TARGETED_DEVICE_FAMILY = "1,2";
				TEST_HOST = "$(BUILT_PRODUCTS_DIR)/Survey.app/Survey";
			};
			name = Release;
		};
		1916F0AD24E2BF020024FF79 /* Debug */ = {
			isa = XCBuildConfiguration;
			baseConfigurationReference = 77319F7CC60B77363C36276B /* Pods-Survey-SurveyUITests.debug.xcconfig */;
			buildSettings = {
				ALWAYS_EMBED_SWIFT_STANDARD_LIBRARIES = YES;
				CODE_SIGN_STYLE = Automatic;
				DEVELOPMENT_TEAM = S263646426;
				INFOPLIST_FILE = SurveyUITests/Info.plist;
				LD_RUNPATH_SEARCH_PATHS = (
					"$(inherited)",
					"@executable_path/Frameworks",
					"@loader_path/Frameworks",
				);
				PRODUCT_BUNDLE_IDENTIFIER = com.survey.Survey.SurveyUITests;
				PRODUCT_NAME = "$(TARGET_NAME)";
				SWIFT_VERSION = 5.0;
				TARGETED_DEVICE_FAMILY = "1,2";
				TEST_TARGET_NAME = Survey;
			};
			name = Debug;
		};
		1916F0AE24E2BF020024FF79 /* Release */ = {
			isa = XCBuildConfiguration;
			baseConfigurationReference = 16D41030D6B70FD503451677 /* Pods-Survey-SurveyUITests.release.xcconfig */;
			buildSettings = {
				ALWAYS_EMBED_SWIFT_STANDARD_LIBRARIES = YES;
				CODE_SIGN_STYLE = Automatic;
				DEVELOPMENT_TEAM = S263646426;
				INFOPLIST_FILE = SurveyUITests/Info.plist;
				LD_RUNPATH_SEARCH_PATHS = (
					"$(inherited)",
					"@executable_path/Frameworks",
					"@loader_path/Frameworks",
				);
				PRODUCT_BUNDLE_IDENTIFIER = com.survey.Survey.SurveyUITests;
				PRODUCT_NAME = "$(TARGET_NAME)";
				SWIFT_VERSION = 5.0;
				TARGETED_DEVICE_FAMILY = "1,2";
				TEST_TARGET_NAME = Survey;
			};
			name = Release;
		};
/* End XCBuildConfiguration section */

/* Begin XCConfigurationList section */
		1916F07724E2BF010024FF79 /* Build configuration list for PBXProject "Survey" */ = {
			isa = XCConfigurationList;
			buildConfigurations = (
				1916F0A424E2BF020024FF79 /* Debug */,
				1916F0A524E2BF020024FF79 /* Release */,
			);
			defaultConfigurationIsVisible = 0;
			defaultConfigurationName = Release;
		};
		1916F0A624E2BF020024FF79 /* Build configuration list for PBXNativeTarget "Survey" */ = {
			isa = XCConfigurationList;
			buildConfigurations = (
				1916F0A724E2BF020024FF79 /* Debug */,
				1916F0A824E2BF020024FF79 /* Release */,
			);
			defaultConfigurationIsVisible = 0;
			defaultConfigurationName = Release;
		};
		1916F0A924E2BF020024FF79 /* Build configuration list for PBXNativeTarget "SurveyTests" */ = {
			isa = XCConfigurationList;
			buildConfigurations = (
				1916F0AA24E2BF020024FF79 /* Debug */,
				1916F0AB24E2BF020024FF79 /* Release */,
			);
			defaultConfigurationIsVisible = 0;
			defaultConfigurationName = Release;
		};
		1916F0AC24E2BF020024FF79 /* Build configuration list for PBXNativeTarget "SurveyUITests" */ = {
			isa = XCConfigurationList;
			buildConfigurations = (
				1916F0AD24E2BF020024FF79 /* Debug */,
				1916F0AE24E2BF020024FF79 /* Release */,
			);
			defaultConfigurationIsVisible = 0;
			defaultConfigurationName = Release;
		};
/* End XCConfigurationList section */
	};
	rootObject = 1916F07424E2BF010024FF79 /* Project object */;
}
